
Microsoft Visual Studio Solution File, Format Version 12.00
# Visual Studio Version 17
VisualStudioVersion = 17.2.32616.157
MinimumVisualStudioVersion = 10.0.40219.1
Project("{FAE04EC0-301F-11D3-BF4B-00C04F79EFBC}") = "OperatorExercise", "OperatorExercise\OperatorExercise.csproj", "{0A0DBEB1-FC41-4BAD-885F-C489219D61B3}"
EndProject
Global
	GlobalSection(SolutionConfigurationPlatforms) = preSolution
		Debug|Any CPU = Debug|Any CPU
		Release|Any CPU = Release|Any CPU
	EndGlobalSection
	GlobalSection(ProjectConfigurationPlatforms) = postSolution
		{0A0DBEB1-FC41-4BAD-885F-C489219D61B3}.Debug|Any CPU.ActiveCfg = Debug|Any CPU
		{0A0DBEB1-FC41-4BAD-885F-C489219D61B3}.Debug|Any CPU.Build.0 = Debug|Any CPU
		{0A0DBEB1-FC41-4BAD-885F-C489219D61B3}.Release|Any CPU.ActiveCfg = Release|Any CPU
		{0A0DBEB1-FC41-4BAD-885F-C489219D61B3}.Release|Any CPU.Build.0 = Release|Any CPU
	EndGlobalSection
	GlobalSection(SolutionProperties) = preSolution
		HideSolutionNode = FALSE
	EndGlobalSection
	GlobalSection(ExtensibilityGlobals) = postSolution
		SolutionGuid = {E67A90F0-B1CD-4081-AEE5-5B50C748C843}
	EndGlobalSection
EndGlobal
